// !$*UTF8*$!
{
	archiveVersion = 1;
	classes = {
	};
	objectVersion = 56;
	objects = {

/* Begin PBXBuildFile section */
		071C2F5CBB4C9BDB33B218D1 /* Pods_AccuraLiveness.framework in Frameworks */ = {isa = PBXBuildFile; fileRef = 07BDBFC65CF05A17B19DD51A /* Pods_AccuraLiveness.framework */; };
		18DA564A2AB2C03700484D3F /* README.md in Resources */ = {isa = PBXBuildFile; fileRef = 18DA56492AB2C03700484D3F /* README.md */; };
		18EA79C02AB1B08400B92D2F /* AppDelegate.swift in Sources */ = {isa = PBXBuildFile; fileRef = 18EA79BF2AB1B08400B92D2F /* AppDelegate.swift */; };
		18EA79C42AB1B08400B92D2F /* ViewController.swift in Sources */ = {isa = PBXBuildFile; fileRef = 18EA79C32AB1B08400B92D2F /* ViewController.swift */; };
		18EA79C72AB1B08400B92D2F /* Main.storyboard in Resources */ = {isa = PBXBuildFile; fileRef = 18EA79C52AB1B08400B92D2F /* Main.storyboard */; };
		18EA79C92AB1B08600B92D2F /* Assets.xcassets in Resources */ = {isa = PBXBuildFile; fileRef = 18EA79C82AB1B08600B92D2F /* Assets.xcassets */; };
		18EA79CC2AB1B08600B92D2F /* LaunchScreen.storyboard in Resources */ = {isa = PBXBuildFile; fileRef = 18EA79CA2AB1B08600B92D2F /* LaunchScreen.storyboard */; };
/* End PBXBuildFile section */

/* Begin PBXFileReference section */
		07BDBFC65CF05A17B19DD51A /* Pods_AccuraLiveness.framework */ = {isa = PBXFileReference; explicitFileType = wrapper.framework; includeInIndex = 0; path = Pods_AccuraLiveness.framework; sourceTree = BUILT_PRODUCTS_DIR; };
		18DA56492AB2C03700484D3F /* README.md */ = {isa = PBXFileReference; fileEncoding = 4; lastKnownFileType = net.daringfireball.markdown; path = README.md; sourceTree = "<group>"; };
		18EA79BC2AB1B08400B92D2F /* AccuraLiveness.app */ = {isa = PBXFileReference; explicitFileType = wrapper.application; includeInIndex = 0; path = AccuraLiveness.app; sourceTree = BUILT_PRODUCTS_DIR; };
		18EA79BF2AB1B08400B92D2F /* AppDelegate.swift */ = {isa = PBXFileReference; lastKnownFileType = sourcecode.swift; path = AppDelegate.swift; sourceTree = "<group>"; };
		18EA79C32AB1B08400B92D2F /* ViewController.swift */ = {isa = PBXFileReference; lastKnownFileType = sourcecode.swift; path = ViewController.swift; sourceTree = "<group>"; };
		18EA79C62AB1B08400B92D2F /* Base */ = {isa = PBXFileReference; lastKnownFileType = file.storyboard; name = Base; path = Base.lproj/Main.storyboard; sourceTree = "<group>"; };
		18EA79C82AB1B08600B92D2F /* Assets.xcassets */ = {isa = PBXFileReference; lastKnownFileType = folder.assetcatalog; path = Assets.xcassets; sourceTree = "<group>"; };
		18EA79CB2AB1B08600B92D2F /* Base */ = {isa = PBXFileReference; lastKnownFileType = file.storyboard; name = Base; path = Base.lproj/LaunchScreen.storyboard; sourceTree = "<group>"; };
		18EA79CD2AB1B08600B92D2F /* Info.plist */ = {isa = PBXFileReference; lastKnownFileType = text.plist.xml; path = Info.plist; sourceTree = "<group>"; };
		3BFEA3A847130FB68BACF979 /* Pods-AccuraLiveness.debug.xcconfig */ = {isa = PBXFileReference; includeInIndex = 1; lastKnownFileType = text.xcconfig; name = "Pods-AccuraLiveness.debug.xcconfig"; path = "Target Support Files/Pods-AccuraLiveness/Pods-AccuraLiveness.debug.xcconfig"; sourceTree = "<group>"; };
		54A24EE595920DE09114D8EE /* Pods-AccuraLiveness.release.xcconfig */ = {isa = PBXFileReference; includeInIndex = 1; lastKnownFileType = text.xcconfig; name = "Pods-AccuraLiveness.release.xcconfig"; path = "Target Support Files/Pods-AccuraLiveness/Pods-AccuraLiveness.release.xcconfig"; sourceTree = "<group>"; };
/* End PBXFileReference section */

/* Begin PBXFrameworksBuildPhase section */
		18EA79B92AB1B08400B92D2F /* Frameworks */ = {
			isa = PBXFrameworksBuildPhase;
			buildActionMask = 2147483647;
			files = (
				071C2F5CBB4C9BDB33B218D1 /* Pods_AccuraLiveness.framework in Frameworks */,
			);
			runOnlyForDeploymentPostprocessing = 0;
		};
/* End PBXFrameworksBuildPhase section */

/* Begin PBXGroup section */
		18EA79B32AB1B08400B92D2F = {
			isa = PBXGroup;
			children = (
				18EA79BE2AB1B08400B92D2F /* AccuraLiveness */,
				18EA79BD2AB1B08400B92D2F /* Products */,
				5FE71F4B4BAE97AF88B92F15 /* Pods */,
				C5223A15787A844276CF2594 /* Frameworks */,
			);
			sourceTree = "<group>";
		};
		18EA79BD2AB1B08400B92D2F /* Products */ = {
			isa = PBXGroup;
			children = (
				18EA79BC2AB1B08400B92D2F /* AccuraLiveness.app */,
			);
			name = Products;
			sourceTree = "<group>";
		};
		18EA79BE2AB1B08400B92D2F /* AccuraLiveness */ = {
			isa = PBXGroup;
			children = (
				18EA79BF2AB1B08400B92D2F /* AppDelegate.swift */,
				18EA79C32AB1B08400B92D2F /* ViewController.swift */,
				18EA79C52AB1B08400B92D2F /* Main.storyboard */,
				18EA79C82AB1B08600B92D2F /* Assets.xcassets */,
				18EA79CA2AB1B08600B92D2F /* LaunchScreen.storyboard */,
				18DA56492AB2C03700484D3F /* README.md */,
				18EA79CD2AB1B08600B92D2F /* Info.plist */,
			);
			path = AccuraLiveness;
			sourceTree = "<group>";
		};
		5FE71F4B4BAE97AF88B92F15 /* Pods */ = {
			isa = PBXGroup;
			children = (
				3BFEA3A847130FB68BACF979 /* Pods-AccuraLiveness.debug.xcconfig */,
				54A24EE595920DE09114D8EE /* Pods-AccuraLiveness.release.xcconfig */,
			);
			path = Pods;
			sourceTree = "<group>";
		};
		C5223A15787A844276CF2594 /* Frameworks */ = {
			isa = PBXGroup;
			children = (
				07BDBFC65CF05A17B19DD51A /* Pods_AccuraLiveness.framework */,
			);
			name = Frameworks;
			sourceTree = "<group>";
		};
/* End PBXGroup section */

/* Begin PBXNativeTarget section */
		18EA79BB2AB1B08400B92D2F /* AccuraLiveness */ = {
			isa = PBXNativeTarget;
			buildConfigurationList = 18EA79D02AB1B08600B92D2F /* Build configuration list for PBXNativeTarget "AccuraLiveness" */;
			buildPhases = (
				C3EFB9A9E1827FD044DDA9BD /* [CP] Check Pods Manifest.lock */,
				18EA79B82AB1B08400B92D2F /* Sources */,
				18EA79B92AB1B08400B92D2F /* Frameworks */,
				18EA79BA2AB1B08400B92D2F /* Resources */,
				3F398A220279364C1E5FD62B /* [CP] Embed Pods Frameworks */,
			);
			buildRules = (
			);
			dependencies = (
			);
			name = AccuraLiveness;
			productName = AccuraLiveness;
			productReference = 18EA79BC2AB1B08400B92D2F /* AccuraLiveness.app */;
			productType = "com.apple.product-type.application";
		};
/* End PBXNativeTarget section */

/* Begin PBXProject section */
		18EA79B42AB1B08400B92D2F /* Project object */ = {
			isa = PBXProject;
			attributes = {
				BuildIndependentTargetsInParallel = 1;
				LastSwiftUpdateCheck = 1430;
				LastUpgradeCheck = 1430;
				TargetAttributes = {
					18EA79BB2AB1B08400B92D2F = {
						CreatedOnToolsVersion = 14.3.1;
					};
				};
			};
			buildConfigurationList = 18EA79B72AB1B08400B92D2F /* Build configuration list for PBXProject "AccuraLiveness" */;
			compatibilityVersion = "Xcode 14.0";
			developmentRegion = en;
			hasScannedForEncodings = 0;
			knownRegions = (
				en,
				Base,
			);
			mainGroup = 18EA79B32AB1B08400B92D2F;
			productRefGroup = 18EA79BD2AB1B08400B92D2F /* Products */;
			projectDirPath = "";
			projectRoot = "";
			targets = (
				18EA79BB2AB1B08400B92D2F /* AccuraLiveness */,
			);
		};
/* End PBXProject section */

/* Begin PBXResourcesBuildPhase section */
		18EA79BA2AB1B08400B92D2F /* Resources */ = {
			isa = PBXResourcesBuildPhase;
			buildActionMask = 2147483647;
			files = (
				18EA79CC2AB1B08600B92D2F /* LaunchScreen.storyboard in Resources */,
				18EA79C92AB1B08600B92D2F /* Assets.xcassets in Resources */,
				18DA564A2AB2C03700484D3F /* README.md in Resources */,
				18EA79C72AB1B08400B92D2F /* Main.storyboard in Resources */,
			);
			runOnlyForDeploymentPostprocessing = 0;
		};
/* End PBXResourcesBuildPhase section */

/* Begin PBXShellScriptBuildPhase section */
		3F398A220279364C1E5FD62B /* [CP] Embed Pods Frameworks */ = {
			isa = PBXShellScriptBuildPhase;
			buildActionMask = 2147483647;
			files = (
			);
			inputFileListPaths = (
				"${PODS_ROOT}/Target Support Files/Pods-AccuraLiveness/Pods-AccuraLiveness-frameworks-${CONFIGURATION}-input-files.xcfilelist",
			);
			name = "[CP] Embed Pods Frameworks";
			outputFileListPaths = (
				"${PODS_ROOT}/Target Support Files/Pods-AccuraLiveness/Pods-AccuraLiveness-frameworks-${CONFIGURATION}-output-files.xcfilelist",
			);
			runOnlyForDeploymentPostprocessing = 0;
			shellPath = /bin/sh;
			shellScript = "\"${PODS_ROOT}/Target Support Files/Pods-AccuraLiveness/Pods-AccuraLiveness-frameworks.sh\"\n";
			showEnvVarsInLog = 0;
		};
		C3EFB9A9E1827FD044DDA9BD /* [CP] Check Pods Manifest.lock */ = {
			isa = PBXShellScriptBuildPhase;
			buildActionMask = 2147483647;
			files = (
			);
			inputFileListPaths = (
			);
			inputPaths = (
				"${PODS_PODFILE_DIR_PATH}/Podfile.lock",
				"${PODS_ROOT}/Manifest.lock",
			);
			name = "[CP] Check Pods Manifest.lock";
			outputFileListPaths = (
			);
			outputPaths = (
				"$(DERIVED_FILE_DIR)/Pods-AccuraLiveness-checkManifestLockResult.txt",
			);
			runOnlyForDeploymentPostprocessing = 0;
			shellPath = /bin/sh;
			shellScript = "diff \"${PODS_PODFILE_DIR_PATH}/Podfile.lock\" \"${PODS_ROOT}/Manifest.lock\" > /dev/null\nif [ $? != 0 ] ; then\n    # print error to STDERR\n    echo \"error: The sandbox is not in sync with the Podfile.lock. Run 'pod install' or update your CocoaPods installation.\" >&2\n    exit 1\nfi\n# This output is used by Xcode 'outputs' to avoid re-running this script phase.\necho \"SUCCESS\" > \"${SCRIPT_OUTPUT_FILE_0}\"\n";
			showEnvVarsInLog = 0;
		};
/* End PBXShellScriptBuildPhase section */

/* Begin PBXSourcesBuildPhase section */
		18EA79B82AB1B08400B92D2F /* Sources */ = {
			isa = PBXSourcesBuildPhase;
			buildActionMask = 2147483647;
			files = (
				18EA79C42AB1B08400B92D2F /* ViewController.swift in Sources */,
				18EA79C02AB1B08400B92D2F /* AppDelegate.swift in Sources */,
			);
			runOnlyForDeploymentPostprocessing = 0;
		};
/* End PBXSourcesBuildPhase section */

/* Begin PBXVariantGroup section */
		18EA79C52AB1B08400B92D2F /* Main.storyboard */ = {
			isa = PBXVariantGroup;
			children = (
				18EA79C62AB1B08400B92D2F /* Base */,
			);
			name = Main.storyboard;
			sourceTree = "<group>";
		};
		18EA79CA2AB1B08600B92D2F /* LaunchScreen.storyboard */ = {
			isa = PBXVariantGroup;
			children = (
				18EA79CB2AB1B08600B92D2F /* Base */,
			);
			name = LaunchScreen.storyboard;
			sourceTree = "<group>";
		};
/* End PBXVariantGroup section */

/* Begin XCBuildConfiguration section */
		18EA79CE2AB1B08600B92D2F /* Debug */ = {
			isa = XCBuildConfiguration;
			buildSettings = {
				ALWAYS_SEARCH_USER_PATHS = NO;
				CLANG_ANALYZER_NONNULL = YES;
				CLANG_ANALYZER_NUMBER_OBJECT_CONVERSION = YES_AGGRESSIVE;
				CLANG_CXX_LANGUAGE_STANDARD = "gnu++20";
				CLANG_ENABLE_MODULES = YES;
				CLANG_ENABLE_OBJC_ARC = YES;
				CLANG_ENABLE_OBJC_WEAK = YES;
				CLANG_WARN_BLOCK_CAPTURE_AUTORELEASING = YES;
				CLANG_WARN_BOOL_CONVERSION = YES;
				CLANG_WARN_COMMA = YES;
				CLANG_WARN_CONSTANT_CONVERSION = YES;
				CLANG_WARN_DEPRECATED_OBJC_IMPLEMENTATIONS = YES;
				CLANG_WARN_DIRECT_OBJC_ISA_USAGE = YES_ERROR;
				CLANG_WARN_DOCUMENTATION_COMMENTS = YES;
				CLANG_WARN_EMPTY_BODY = YES;
				CLANG_WARN_ENUM_CONVERSION = YES;
				CLANG_WARN_INFINITE_RECURSION = YES;
				CLANG_WARN_INT_CONVERSION = YES;
				CLANG_WARN_NON_LITERAL_NULL_CONVERSION = YES;
				CLANG_WARN_OBJC_IMPLICIT_RETAIN_SELF = YES;
				CLANG_WARN_OBJC_LITERAL_CONVERSION = YES;
				CLANG_WARN_OBJC_ROOT_CLASS = YES_ERROR;
				CLANG_WARN_QUOTED_INCLUDE_IN_FRAMEWORK_HEADER = YES;
				CLANG_WARN_RANGE_LOOP_ANALYSIS = YES;
				CLANG_WARN_STRICT_PROTOTYPES = YES;
				CLANG_WARN_SUSPICIOUS_MOVE = YES;
				CLANG_WARN_UNGUARDED_AVAILABILITY = YES_AGGRESSIVE;
				CLANG_WARN_UNREACHABLE_CODE = YES;
				CLANG_WARN__DUPLICATE_METHOD_MATCH = YES;
				COPY_PHASE_STRIP = NO;
				DEBUG_INFORMATION_FORMAT = dwarf;
				ENABLE_STRICT_OBJC_MSGSEND = YES;
				ENABLE_TESTABILITY = YES;
				GCC_C_LANGUAGE_STANDARD = gnu11;
				GCC_DYNAMIC_NO_PIC = NO;
				GCC_NO_COMMON_BLOCKS = YES;
				GCC_OPTIMIZATION_LEVEL = 0;
				GCC_PREPROCESSOR_DEFINITIONS = (
					"DEBUG=1",
					"$(inherited)",
				);
				GCC_WARN_64_TO_32_BIT_CONVERSION = YES;
				GCC_WARN_ABOUT_RETURN_TYPE = YES_ERROR;
				GCC_WARN_UNDECLARED_SELECTOR = YES;
				GCC_WARN_UNINITIALIZED_AUTOS = YES_AGGRESSIVE;
				GCC_WARN_UNUSED_FUNCTION = YES;
				GCC_WARN_UNUSED_VARIABLE = YES;
				IPHONEOS_DEPLOYMENT_TARGET = 16.4;
				MTL_ENABLE_DEBUG_INFO = INCLUDE_SOURCE;
				MTL_FAST_MATH = YES;
				ONLY_ACTIVE_ARCH = YES;
				SDKROOT = iphoneos;
				SWIFT_ACTIVE_COMPILATION_CONDITIONS = DEBUG;
				SWIFT_OPTIMIZATION_LEVEL = "-Onone";
			};
			name = Debug;
		};
		18EA79CF2AB1B08600B92D2F /* Release */ = {
			isa = XCBuildConfiguration;
			buildSettings = {
				ALWAYS_SEARCH_USER_PATHS = NO;
				CLANG_ANALYZER_NONNULL = YES;
				CLANG_ANALYZER_NUMBER_OBJECT_CONVERSION = YES_AGGRESSIVE;
				CLANG_CXX_LANGUAGE_STANDARD = "gnu++20";
				CLANG_ENABLE_MODULES = YES;
				CLANG_ENABLE_OBJC_ARC = YES;
				CLANG_ENABLE_OBJC_WEAK = YES;
				CLANG_WARN_BLOCK_CAPTURE_AUTORELEASING = YES;
				CLANG_WARN_BOOL_CONVERSION = YES;
				CLANG_WARN_COMMA = YES;
				CLANG_WARN_CONSTANT_CONVERSION = YES;
				CLANG_WARN_DEPRECATED_OBJC_IMPLEMENTATIONS = YES;
				CLANG_WARN_DIRECT_OBJC_ISA_USAGE = YES_ERROR;
				CLANG_WARN_DOCUMENTATION_COMMENTS = YES;
				CLANG_WARN_EMPTY_BODY = YES;
				CLANG_WARN_ENUM_CONVERSION = YES;
				CLANG_WARN_INFINITE_RECURSION = YES;
				CLANG_WARN_INT_CONVERSION = YES;
				CLANG_WARN_NON_LITERAL_NULL_CONVERSION = YES;
				CLANG_WARN_OBJC_IMPLICIT_RETAIN_SELF = YES;
				CLANG_WARN_OBJC_LITERAL_CONVERSION = YES;
				CLANG_WARN_OBJC_ROOT_CLASS = YES_ERROR;
				CLANG_WARN_QUOTED_INCLUDE_IN_FRAMEWORK_HEADER = YES;
				CLANG_WARN_RANGE_LOOP_ANALYSIS = YES;
				CLANG_WARN_STRICT_PROTOTYPES = YES;
				CLANG_WARN_SUSPICIOUS_MOVE = YES;
				CLANG_WARN_UNGUARDED_AVAILABILITY = YES_AGGRESSIVE;
				CLANG_WARN_UNREACHABLE_CODE = YES;
				CLANG_WARN__DUPLICATE_METHOD_MATCH = YES;
				COPY_PHASE_STRIP = NO;
				DEBUG_INFORMATION_FORMAT = "dwarf-with-dsym";
				ENABLE_NS_ASSERTIONS = NO;
				ENABLE_STRICT_OBJC_MSGSEND = YES;
				GCC_C_LANGUAGE_STANDARD = gnu11;
				GCC_NO_COMMON_BLOCKS = YES;
				GCC_WARN_64_TO_32_BIT_CONVERSION = YES;
				GCC_WARN_ABOUT_RETURN_TYPE = YES_ERROR;
				GCC_WARN_UNDECLARED_SELECTOR = YES;
				GCC_WARN_UNINITIALIZED_AUTOS = YES_AGGRESSIVE;
				GCC_WARN_UNUSED_FUNCTION = YES;
				GCC_WARN_UNUSED_VARIABLE = YES;
				IPHONEOS_DEPLOYMENT_TARGET = 16.4;
				MTL_ENABLE_DEBUG_INFO = NO;
				MTL_FAST_MATH = YES;
				SDKROOT = iphoneos;
				SWIFT_COMPILATION_MODE = wholemodule;
				SWIFT_OPTIMIZATION_LEVEL = "-O";
				VALIDATE_PRODUCT = YES;
			};
			name = Release;
		};
		18EA79D12AB1B08600B92D2F /* Debug */ = {
			isa = XCBuildConfiguration;
			baseConfigurationReference = 3BFEA3A847130FB68BACF979 /* Pods-AccuraLiveness.debug.xcconfig */;
			buildSettings = {
				ASSETCATALOG_COMPILER_APPICON_NAME = AppIcon;
				ASSETCATALOG_COMPILER_GLOBAL_ACCENT_COLOR_NAME = AccentColor;
				CODE_SIGN_STYLE = Automatic;
				CURRENT_PROJECT_VERSION = 1;
				DEVELOPMENT_TEAM = RQLGL75S5H;
				GENERATE_INFOPLIST_FILE = YES;
				INFOPLIST_FILE = AccuraLiveness/Info.plist;
				INFOPLIST_KEY_UIApplicationSupportsIndirectInputEvents = YES;
				INFOPLIST_KEY_UILaunchStoryboardName = LaunchScreen;
				INFOPLIST_KEY_UIMainStoryboardFile = Main;
				INFOPLIST_KEY_UISupportedInterfaceOrientations_iPad = "UIInterfaceOrientationPortrait UIInterfaceOrientationPortraitUpsideDown UIInterfaceOrientationLandscapeLeft UIInterfaceOrientationLandscapeRight";
				INFOPLIST_KEY_UISupportedInterfaceOrientations_iPhone = "UIInterfaceOrientationPortrait UIInterfaceOrientationLandscapeLeft UIInterfaceOrientationLandscapeRight";
				IPHONEOS_DEPLOYMENT_TARGET = 12.0;
				LD_RUNPATH_SEARCH_PATHS = (
					"$(inherited)",
					"@executable_path/Frameworks",
				);
				MARKETING_VERSION = 1.0;
				PRODUCT_BUNDLE_IDENTIFIER = AccuraScan.AccuraLiveness;
				PRODUCT_NAME = "$(TARGET_NAME)";
				SWIFT_EMIT_LOC_STRINGS = YES;
				SWIFT_VERSION = 5.0;
				TARGETED_DEVICE_FAMILY = "1,2";
			};
			name = Debug;
		};
		18EA79D22AB1B08600B92D2F /* Release */ = {
			isa = XCBuildConfiguration;
			baseConfigurationReference = 54A24EE595920DE09114D8EE /* Pods-AccuraLiveness.release.xcconfig */;
			buildSettings = {
				ASSETCATALOG_COMPILER_APPICON_NAME = AppIcon;
				ASSETCATALOG_COMPILER_GLOBAL_ACCENT_COLOR_NAME = AccentColor;
				CODE_SIGN_STYLE = Automatic;
				CURRENT_PROJECT_VERSION = 1;
				DEVELOPMENT_TEAM = RQLGL75S5H;
				GENERATE_INFOPLIST_FILE = YES;
				INFOPLIST_FILE = AccuraLiveness/Info.plist;
				INFOPLIST_KEY_UIApplicationSupportsIndirectInputEvents = YES;
				INFOPLIST_KEY_UILaunchStoryboardName = LaunchScreen;
				INFOPLIST_KEY_UIMainStoryboardFile = Main;
				INFOPLIST_KEY_UISupportedInterfaceOrientations_iPad = "UIInterfaceOrientationPortrait UIInterfaceOrientationPortraitUpsideDown UIInterfaceOrientationLandscapeLeft UIInterfaceOrientationLandscapeRight";
				INFOPLIST_KEY_UISupportedInterfaceOrientations_iPhone = "UIInterfaceOrientationPortrait UIInterfaceOrientationLandscapeLeft UIInterfaceOrientationLandscapeRight";
				IPHONEOS_DEPLOYMENT_TARGET = 12.0;
				LD_RUNPATH_SEARCH_PATHS = (
					"$(inherited)",
					"@executable_path/Frameworks",
				);
				MARKETING_VERSION = 1.0;
				PRODUCT_BUNDLE_IDENTIFIER = AccuraScan.AccuraLiveness;
				PRODUCT_NAME = "$(TARGET_NAME)";
				SWIFT_EMIT_LOC_STRINGS = YES;
				SWIFT_VERSION = 5.0;
				TARGETED_DEVICE_FAMILY = "1,2";
			};
			name = Release;
		};
/* End XCBuildConfiguration section */

/* Begin XCConfigurationList section */
		18EA79B72AB1B08400B92D2F /* Build configuration list for PBXProject "AccuraLiveness" */ = {
			isa = XCConfigurationList;
			buildConfigurations = (
				18EA79CE2AB1B08600B92D2F /* Debug */,
				18EA79CF2AB1B08600B92D2F /* Release */,
			);
			defaultConfigurationIsVisible = 0;
			defaultConfigurationName = Release;
		};
		18EA79D02AB1B08600B92D2F /* Build configuration list for PBXNativeTarget "AccuraLiveness" */ = {
			isa = XCConfigurationList;
			buildConfigurations = (
				18EA79D12AB1B08600B92D2F /* Debug */,
				18EA79D22AB1B08600B92D2F /* Release */,
			);
			defaultConfigurationIsVisible = 0;
			defaultConfigurationName = Release;
		};
/* End XCConfigurationList section */
	};
	rootObject = 18EA79B42AB1B08400B92D2F /* Project object */;
}
